// !$*UTF8*$!
{
	archiveVersion = 1;
	classes = {
	};
	objectVersion = 56;
	objects = {

/* Begin PBXBuildFile section */
		2C1059A22A48948F0059C68D /* MinesweeperApp.swift in Sources */ = {isa = PBXBuildFile; fileRef = 2C1059A12A48948F0059C68D /* MinesweeperApp.swift */; };
		2C1059A42A48948F0059C68D /* HomeView.swift in Sources */ = {isa = PBXBuildFile; fileRef = 2C1059A32A48948F0059C68D /* HomeView.swift */; };
		2C1059A62A4894920059C68D /* Assets.xcassets in Resources */ = {isa = PBXBuildFile; fileRef = 2C1059A52A4894920059C68D /* Assets.xcassets */; };
		2C1059A92A4894920059C68D /* Preview Assets.xcassets in Resources */ = {isa = PBXBuildFile; fileRef = 2C1059A82A4894920059C68D /* Preview Assets.xcassets */; };
		2C1059B32A4896F90059C68D /* GameView.swift in Sources */ = {isa = PBXBuildFile; fileRef = 2C1059B22A4896F90059C68D /* GameView.swift */; };
		2C1059B72A4898E40059C68D /* CellModel.swift in Sources */ = {isa = PBXBuildFile; fileRef = 2C1059B62A4898E40059C68D /* CellModel.swift */; };
		2C1059B92A48A23A0059C68D /* GameViewModel.swift in Sources */ = {isa = PBXBuildFile; fileRef = 2C1059B82A48A23A0059C68D /* GameViewModel.swift */; };
		2C90D0582A61926A006A4C2E /* pixelated-font.ttf in Resources */ = {isa = PBXBuildFile; fileRef = 2C90D0572A61926A006A4C2E /* pixelated-font.ttf */; };
/* End PBXBuildFile section */

/* Begin PBXFileReference section */
		2C10599E2A48948F0059C68D /* Minesweeper.app */ = {isa = PBXFileReference; explicitFileType = wrapper.application; includeInIndex = 0; path = Minesweeper.app; sourceTree = BUILT_PRODUCTS_DIR; };
		2C1059A12A48948F0059C68D /* MinesweeperApp.swift */ = {isa = PBXFileReference; lastKnownFileType = sourcecode.swift; path = MinesweeperApp.swift; sourceTree = "<group>"; };
		2C1059A32A48948F0059C68D /* HomeView.swift */ = {isa = PBXFileReference; lastKnownFileType = sourcecode.swift; path = HomeView.swift; sourceTree = "<group>"; };
		2C1059A52A4894920059C68D /* Assets.xcassets */ = {isa = PBXFileReference; lastKnownFileType = folder.assetcatalog; path = Assets.xcassets; sourceTree = "<group>"; };
		2C1059A82A4894920059C68D /* Preview Assets.xcassets */ = {isa = PBXFileReference; lastKnownFileType = folder.assetcatalog; path = "Preview Assets.xcassets"; sourceTree = "<group>"; };
		2C1059B22A4896F90059C68D /* GameView.swift */ = {isa = PBXFileReference; lastKnownFileType = sourcecode.swift; path = GameView.swift; sourceTree = "<group>"; };
		2C1059B62A4898E40059C68D /* CellModel.swift */ = {isa = PBXFileReference; lastKnownFileType = sourcecode.swift; path = CellModel.swift; sourceTree = "<group>"; };
		2C1059B82A48A23A0059C68D /* GameViewModel.swift */ = {isa = PBXFileReference; lastKnownFileType = sourcecode.swift; path = GameViewModel.swift; sourceTree = "<group>"; };
		2C90D0572A61926A006A4C2E /* pixelated-font.ttf */ = {isa = PBXFileReference; lastKnownFileType = file; path = "pixelated-font.ttf"; sourceTree = "<group>"; };
		2C90D05A2A6192B2006A4C2E /* Info.plist */ = {isa = PBXFileReference; lastKnownFileType = text.plist; path = Info.plist; sourceTree = "<group>"; };
/* End PBXFileReference section */

/* Begin PBXFrameworksBuildPhase section */
		2C10599B2A48948F0059C68D /* Frameworks */ = {
			isa = PBXFrameworksBuildPhase;
			buildActionMask = 2147483647;
			files = (
			);
			runOnlyForDeploymentPostprocessing = 0;
		};
/* End PBXFrameworksBuildPhase section */

/* Begin PBXGroup section */
		2C1059952A48948F0059C68D = {
			isa = PBXGroup;
			children = (
				2C1059A02A48948F0059C68D /* Minesweeper */,
				2C10599F2A48948F0059C68D /* Products */,
			);
			sourceTree = "<group>";
		};
		2C10599F2A48948F0059C68D /* Products */ = {
			isa = PBXGroup;
			children = (
				2C10599E2A48948F0059C68D /* Minesweeper.app */,
			);
			name = Products;
			sourceTree = "<group>";
		};
		2C1059A02A48948F0059C68D /* Minesweeper */ = {
			isa = PBXGroup;
			children = (
				2C90D05A2A6192B2006A4C2E /* Info.plist */,
				2C1059AF2A48962D0059C68D /* Models */,
				2C1059B12A48963C0059C68D /* Views */,
				2C1059B02A4896350059C68D /* ViewModels */,
				2C1059A12A48948F0059C68D /* MinesweeperApp.swift */,
				2C90D0592A619279006A4C2E /* Fonts */,
				2C1059A52A4894920059C68D /* Assets.xcassets */,
				2C1059A72A4894920059C68D /* Preview Content */,
			);
			path = Minesweeper;
			sourceTree = "<group>";
		};
		2C1059A72A4894920059C68D /* Preview Content */ = {
			isa = PBXGroup;
			children = (
				2C1059A82A4894920059C68D /* Preview Assets.xcassets */,
			);
			path = "Preview Content";
			sourceTree = "<group>";
		};
		2C1059AF2A48962D0059C68D /* Models */ = {
			isa = PBXGroup;
			children = (
				2C1059B62A4898E40059C68D /* CellModel.swift */,
			);
			path = Models;
			sourceTree = "<group>";
		};
		2C1059B02A4896350059C68D /* ViewModels */ = {
			isa = PBXGroup;
			children = (
				2C1059B82A48A23A0059C68D /* GameViewModel.swift */,
			);
			path = ViewModels;
			sourceTree = "<group>";
		};
		2C1059B12A48963C0059C68D /* Views */ = {
			isa = PBXGroup;
			children = (
				2C1059A32A48948F0059C68D /* HomeView.swift */,
				2C1059B22A4896F90059C68D /* GameView.swift */,
			);
			path = Views;
			sourceTree = "<group>";
		};
		2C90D0592A619279006A4C2E /* Fonts */ = {
			isa = PBXGroup;
			children = (
				2C90D0572A61926A006A4C2E /* pixelated-font.ttf */,
			);
			path = Fonts;
			sourceTree = "<group>";
		};
/* End PBXGroup section */

/* Begin PBXNativeTarget section */
		2C10599D2A48948F0059C68D /* Minesweeper */ = {
			isa = PBXNativeTarget;
			buildConfigurationList = 2C1059AC2A4894920059C68D /* Build configuration list for PBXNativeTarget "Minesweeper" */;
			buildPhases = (
				2C10599A2A48948F0059C68D /* Sources */,
				2C10599B2A48948F0059C68D /* Frameworks */,
				2C10599C2A48948F0059C68D /* Resources */,
			);
			buildRules = (
			);
			dependencies = (
			);
			name = Minesweeper;
			productName = Minesweeper;
			productReference = 2C10599E2A48948F0059C68D /* Minesweeper.app */;
			productType = "com.apple.product-type.application";
		};
/* End PBXNativeTarget section */

/* Begin PBXProject section */
		2C1059962A48948F0059C68D /* Project object */ = {
			isa = PBXProject;
			attributes = {
				BuildIndependentTargetsInParallel = 1;
				LastSwiftUpdateCheck = 1430;
				LastUpgradeCheck = 1430;
				TargetAttributes = {
					2C10599D2A48948F0059C68D = {
						CreatedOnToolsVersion = 14.3;
					};
				};
			};
			buildConfigurationList = 2C1059992A48948F0059C68D /* Build configuration list for PBXProject "Minesweeper" */;
			compatibilityVersion = "Xcode 14.0";
			developmentRegion = en;
			hasScannedForEncodings = 0;
			knownRegions = (
				en,
				Base,
			);
			mainGroup = 2C1059952A48948F0059C68D;
			productRefGroup = 2C10599F2A48948F0059C68D /* Products */;
			projectDirPath = "";
			projectRoot = "";
			targets = (
				2C10599D2A48948F0059C68D /* Minesweeper */,
			);
		};
/* End PBXProject section */

/* Begin PBXResourcesBuildPhase section */
		2C10599C2A48948F0059C68D /* Resources */ = {
			isa = PBXResourcesBuildPhase;
			buildActionMask = 2147483647;
			files = (
				2C1059A92A4894920059C68D /* Preview Assets.xcassets in Resources */,
				2C90D0582A61926A006A4C2E /* pixelated-font.ttf in Resources */,
				2C1059A62A4894920059C68D /* Assets.xcassets in Resources */,
			);
			runOnlyForDeploymentPostprocessing = 0;
		};
/* End PBXResourcesBuildPhase section */

/* Begin PBXSourcesBuildPhase section */
		2C10599A2A48948F0059C68D /* Sources */ = {
			isa = PBXSourcesBuildPhase;
			buildActionMask = 2147483647;
			files = (
				2C1059A42A48948F0059C68D /* HomeView.swift in Sources */,
				2C1059B32A4896F90059C68D /* GameView.swift in Sources */,
				2C1059A22A48948F0059C68D /* MinesweeperApp.swift in Sources */,
				2C1059B92A48A23A0059C68D /* GameViewModel.swift in Sources */,
				2C1059B72A4898E40059C68D /* CellModel.swift in Sources */,
			);
			runOnlyForDeploymentPostprocessing = 0;
		};
/* End PBXSourcesBuildPhase section */

/* Begin XCBuildConfiguration section */
		2C1059AA2A4894920059C68D /* Debug */ = {
			isa = XCBuildConfiguration;
			buildSettings = {
				ALWAYS_SEARCH_USER_PATHS = NO;
				CLANG_ANALYZER_NONNULL = YES;
				CLANG_ANALYZER_NUMBER_OBJECT_CONVERSION = YES_AGGRESSIVE;
				CLANG_CXX_LANGUAGE_STANDARD = "gnu++20";
				CLANG_ENABLE_MODULES = YES;
				CLANG_ENABLE_OBJC_ARC = YES;
				CLANG_ENABLE_OBJC_WEAK = YES;
				CLANG_WARN_BLOCK_CAPTURE_AUTORELEASING = YES;
				CLANG_WARN_BOOL_CONVERSION = YES;
				CLANG_WARN_COMMA = YES;
				CLANG_WARN_CONSTANT_CONVERSION = YES;
				CLANG_WARN_DEPRECATED_OBJC_IMPLEMENTATIONS = YES;
				CLANG_WARN_DIRECT_OBJC_ISA_USAGE = YES_ERROR;
				CLANG_WARN_DOCUMENTATION_COMMENTS = YES;
				CLANG_WARN_EMPTY_BODY = YES;
				CLANG_WARN_ENUM_CONVERSION = YES;
				CLANG_WARN_INFINITE_RECURSION = YES;
				CLANG_WARN_INT_CONVERSION = YES;
				CLANG_WARN_NON_LITERAL_NULL_CONVERSION = YES;
				CLANG_WARN_OBJC_IMPLICIT_RETAIN_SELF = YES;
				CLANG_WARN_OBJC_LITERAL_CONVERSION = YES;
				CLANG_WARN_OBJC_ROOT_CLASS = YES_ERROR;
				CLANG_WARN_QUOTED_INCLUDE_IN_FRAMEWORK_HEADER = YES;
				CLANG_WARN_RANGE_LOOP_ANALYSIS = YES;
				CLANG_WARN_STRICT_PROTOTYPES = YES;
				CLANG_WARN_SUSPICIOUS_MOVE = YES;
				CLANG_WARN_UNGUARDED_AVAILABILITY = YES_AGGRESSIVE;
				CLANG_WARN_UNREACHABLE_CODE = YES;
				CLANG_WARN__DUPLICATE_METHOD_MATCH = YES;
				COPY_PHASE_STRIP = NO;
				DEBUG_INFORMATION_FORMAT = dwarf;
				ENABLE_STRICT_OBJC_MSGSEND = YES;
				ENABLE_TESTABILITY = YES;
				GCC_C_LANGUAGE_STANDARD = gnu11;
				GCC_DYNAMIC_NO_PIC = NO;
				GCC_NO_COMMON_BLOCKS = YES;
				GCC_OPTIMIZATION_LEVEL = 0;
				GCC_PREPROCESSOR_DEFINITIONS = (
					"DEBUG=1",
					"$(inherited)",
				);
				GCC_WARN_64_TO_32_BIT_CONVERSION = YES;
				GCC_WARN_ABOUT_RETURN_TYPE = YES_ERROR;
				GCC_WARN_UNDECLARED_SELECTOR = YES;
				GCC_WARN_UNINITIALIZED_AUTOS = YES_AGGRESSIVE;
				GCC_WARN_UNUSED_FUNCTION = YES;
				GCC_WARN_UNUSED_VARIABLE = YES;
				IPHONEOS_DEPLOYMENT_TARGET = 16.4;
				MTL_ENABLE_DEBUG_INFO = INCLUDE_SOURCE;
				MTL_FAST_MATH = YES;
				ONLY_ACTIVE_ARCH = YES;
				SDKROOT = iphoneos;
				SWIFT_ACTIVE_COMPILATION_CONDITIONS = DEBUG;
				SWIFT_OPTIMIZATION_LEVEL = "-Onone";
			};
			name = Debug;
		};
		2C1059AB2A4894920059C68D /* Release */ = {
			isa = XCBuildConfiguration;
			buildSettings = {
				ALWAYS_SEARCH_USER_PATHS = NO;
				CLANG_ANALYZER_NONNULL = YES;
				CLANG_ANALYZER_NUMBER_OBJECT_CONVERSION = YES_AGGRESSIVE;
				CLANG_CXX_LANGUAGE_STANDARD = "gnu++20";
				CLANG_ENABLE_MODULES = YES;
				CLANG_ENABLE_OBJC_ARC = YES;
				CLANG_ENABLE_OBJC_WEAK = YES;
				CLANG_WARN_BLOCK_CAPTURE_AUTORELEASING = YES;
				CLANG_WARN_BOOL_CONVERSION = YES;
				CLANG_WARN_COMMA = YES;
				CLANG_WARN_CONSTANT_CONVERSION = YES;
				CLANG_WARN_DEPRECATED_OBJC_IMPLEMENTATIONS = YES;
				CLANG_WARN_DIRECT_OBJC_ISA_USAGE = YES_ERROR;
				CLANG_WARN_DOCUMENTATION_COMMENTS = YES;
				CLANG_WARN_EMPTY_BODY = YES;
				CLANG_WARN_ENUM_CONVERSION = YES;
				CLANG_WARN_INFINITE_RECURSION = YES;
				CLANG_WARN_INT_CONVERSION = YES;
				CLANG_WARN_NON_LITERAL_NULL_CONVERSION = YES;
				CLANG_WARN_OBJC_IMPLICIT_RETAIN_SELF = YES;
				CLANG_WARN_OBJC_LITERAL_CONVERSION = YES;
				CLANG_WARN_OBJC_ROOT_CLASS = YES_ERROR;
				CLANG_WARN_QUOTED_INCLUDE_IN_FRAMEWORK_HEADER = YES;
				CLANG_WARN_RANGE_LOOP_ANALYSIS = YES;
				CLANG_WARN_STRICT_PROTOTYPES = YES;
				CLANG_WARN_SUSPICIOUS_MOVE = YES;
				CLANG_WARN_UNGUARDED_AVAILABILITY = YES_AGGRESSIVE;
				CLANG_WARN_UNREACHABLE_CODE = YES;
				CLANG_WARN__DUPLICATE_METHOD_MATCH = YES;
				COPY_PHASE_STRIP = NO;
				DEBUG_INFORMATION_FORMAT = "dwarf-with-dsym";
				ENABLE_NS_ASSERTIONS = NO;
				ENABLE_STRICT_OBJC_MSGSEND = YES;
				GCC_C_LANGUAGE_STANDARD = gnu11;
				GCC_NO_COMMON_BLOCKS = YES;
				GCC_WARN_64_TO_32_BIT_CONVERSION = YES;
				GCC_WARN_ABOUT_RETURN_TYPE = YES_ERROR;
				GCC_WARN_UNDECLARED_SELECTOR = YES;
				GCC_WARN_UNINITIALIZED_AUTOS = YES_AGGRESSIVE;
				GCC_WARN_UNUSED_FUNCTION = YES;
				GCC_WARN_UNUSED_VARIABLE = YES;
				IPHONEOS_DEPLOYMENT_TARGET = 16.4;
				MTL_ENABLE_DEBUG_INFO = NO;
				MTL_FAST_MATH = YES;
				SDKROOT = iphoneos;
				SWIFT_COMPILATION_MODE = wholemodule;
				SWIFT_OPTIMIZATION_LEVEL = "-O";
				VALIDATE_PRODUCT = YES;
			};
			name = Release;
		};
		2C1059AD2A4894920059C68D /* Debug */ = {
			isa = XCBuildConfiguration;
			buildSettings = {
				ASSETCATALOG_COMPILER_APPICON_NAME = AppIcon;
				ASSETCATALOG_COMPILER_GLOBAL_ACCENT_COLOR_NAME = AccentColor;
				CODE_SIGN_STYLE = Automatic;
				CURRENT_PROJECT_VERSION = 1;
				DEVELOPMENT_ASSET_PATHS = "\"Minesweeper/Preview Content\"";
				DEVELOPMENT_TEAM = XFBFY2S4T4;
				ENABLE_PREVIEWS = YES;
				GENERATE_INFOPLIST_FILE = YES;
				INFOPLIST_FILE = Minesweeper/Info.plist;
				INFOPLIST_KEY_UIApplicationSceneManifest_Generation = YES;
				INFOPLIST_KEY_UIApplicationSupportsIndirectInputEvents = YES;
				INFOPLIST_KEY_UILaunchScreen_Generation = YES;
				INFOPLIST_KEY_UISupportedInterfaceOrientations = UIInterfaceOrientationPortrait;
				INFOPLIST_KEY_UISupportedInterfaceOrientations_iPad = "UIInterfaceOrientationPortrait UIInterfaceOrientationPortraitUpsideDown";
				IPHONEOS_DEPLOYMENT_TARGET = 14.0;
				LD_RUNPATH_SEARCH_PATHS = (
					"$(inherited)",
					"@executable_path/Frameworks",
				);
				MARKETING_VERSION = 1.0;
				PRODUCT_BUNDLE_IDENTIFIER = berket.Minesweeper;
				PRODUCT_NAME = "$(TARGET_NAME)";
				SWIFT_EMIT_LOC_STRINGS = YES;
				SWIFT_VERSION = 5.0;
				TARGETED_DEVICE_FAMILY = "1,2";
			};
			name = Debug;
		};
		2C1059AE2A4894920059C68D /* Release */ = {
			isa = XCBuildConfiguration;
			buildSettings = {
				ASSETCATALOG_COMPILER_APPICON_NAME = AppIcon;
				ASSETCATALOG_COMPILER_GLOBAL_ACCENT_COLOR_NAME = AccentColor;
				CODE_SIGN_STYLE = Automatic;
				CURRENT_PROJECT_VERSION = 1;
				DEVELOPMENT_ASSET_PATHS = "\"Minesweeper/Preview Content\"";
				DEVELOPMENT_TEAM = XFBFY2S4T4;
				ENABLE_PREVIEWS = YES;
				GENERATE_INFOPLIST_FILE = YES;
				INFOPLIST_FILE = Minesweeper/Info.plist;
				INFOPLIST_KEY_UIApplicationSceneManifest_Generation = YES;
				INFOPLIST_KEY_UIApplicationSupportsIndirectInputEvents = YES;
				INFOPLIST_KEY_UILaunchScreen_Generation = YES;
				INFOPLIST_KEY_UISupportedInterfaceOrientations = UIInterfaceOrientationPortrait;
				INFOPLIST_KEY_UISupportedInterfaceOrientations_iPad = "UIInterfaceOrientationPortrait UIInterfaceOrientationPortraitUpsideDown";
				IPHONEOS_DEPLOYMENT_TARGET = 14.0;
				LD_RUNPATH_SEARCH_PATHS = (
					"$(inherited)",
					"@executable_path/Frameworks",
				);
				MARKETING_VERSION = 1.0;
				PRODUCT_BUNDLE_IDENTIFIER = berket.Minesweeper;
				PRODUCT_NAME = "$(TARGET_NAME)";
				SWIFT_EMIT_LOC_STRINGS = YES;
				SWIFT_VERSION = 5.0;
				TARGETED_DEVICE_FAMILY = "1,2";
			};
			name = Release;
		};
/* End XCBuildConfiguration section */

/* Begin XCConfigurationList section */
		2C1059992A48948F0059C68D /* Build configuration list for PBXProject "Minesweeper" */ = {
			isa = XCConfigurationList;
			buildConfigurations = (
				2C1059AA2A4894920059C68D /* Debug */,
				2C1059AB2A4894920059C68D /* Release */,
			);
			defaultConfigurationIsVisible = 0;
			defaultConfigurationName = Release;
		};
		2C1059AC2A4894920059C68D /* Build configuration list for PBXNativeTarget "Minesweeper" */ = {
			isa = XCConfigurationList;
			buildConfigurations = (
				2C1059AD2A4894920059C68D /* Debug */,
				2C1059AE2A4894920059C68D /* Release */,
			);
			defaultConfigurationIsVisible = 0;
			defaultConfigurationName = Release;
		};
/* End XCConfigurationList section */
	};
	rootObject = 2C1059962A48948F0059C68D /* Project object */;
}
